// !$*UTF8*$!
{
	archiveVersion = 1;
	classes = {
	};
	objectVersion = 46;
	objects = {

/* Begin PBXBuildFile section */
		C38C06181CF5126800BE145B /* MainViewController.swift in Sources */ = {isa = PBXBuildFile; fileRef = C38C06161CF5126800BE145B /* MainViewController.swift */; };
		C38C06191CF5126800BE145B /* MainViewController.swift in Sources */ = {isa = PBXBuildFile; fileRef = C38C06161CF5126800BE145B /* MainViewController.swift */; };
		C38C061A1CF5126800BE145B /* MainViewController.swift in Sources */ = {isa = PBXBuildFile; fileRef = C38C06161CF5126800BE145B /* MainViewController.swift */; };
		C38C061B1CF5126800BE145B /* MainViewController.xib in Resources */ = {isa = PBXBuildFile; fileRef = C38C06171CF5126800BE145B /* MainViewController.xib */; };
		C38C061C1CF5126800BE145B /* MainViewController.xib in Resources */ = {isa = PBXBuildFile; fileRef = C38C06171CF5126800BE145B /* MainViewController.xib */; };
		C38C061D1CF5126800BE145B /* MainViewController.xib in Resources */ = {isa = PBXBuildFile; fileRef = C38C06171CF5126800BE145B /* MainViewController.xib */; };
		C3FA18901CF4F85400061475 /* AppDelegate.swift in Sources */ = {isa = PBXBuildFile; fileRef = C3FA188F1CF4F85400061475 /* AppDelegate.swift */; };
		C3FA18921CF4F85400061475 /* Assets.xcassets in Resources */ = {isa = PBXBuildFile; fileRef = C3FA18911CF4F85400061475 /* Assets.xcassets */; };
		C3FA18951CF4F85400061475 /* MainMenu.xib in Resources */ = {isa = PBXBuildFile; fileRef = C3FA18931CF4F85400061475 /* MainMenu.xib */; };
		C3FA18A01CF4F85400061475 /* whbhTests.swift in Sources */ = {isa = PBXBuildFile; fileRef = C3FA189F1CF4F85400061475 /* whbhTests.swift */; };
		C3FA18AB1CF4F85400061475 /* whbhUITests.swift in Sources */ = {isa = PBXBuildFile; fileRef = C3FA18AA1CF4F85400061475 /* whbhUITests.swift */; };
/* End PBXBuildFile section */

/* Begin PBXContainerItemProxy section */
		C3FA189C1CF4F85400061475 /* PBXContainerItemProxy */ = {
			isa = PBXContainerItemProxy;
			containerPortal = C3FA18841CF4F85400061475 /* Project object */;
			proxyType = 1;
			remoteGlobalIDString = C3FA188B1CF4F85400061475;
			remoteInfo = whbh;
		};
		C3FA18A71CF4F85400061475 /* PBXContainerItemProxy */ = {
			isa = PBXContainerItemProxy;
			containerPortal = C3FA18841CF4F85400061475 /* Project object */;
			proxyType = 1;
			remoteGlobalIDString = C3FA188B1CF4F85400061475;
			remoteInfo = whbh;
		};
/* End PBXContainerItemProxy section */

/* Begin PBXFileReference section */
		C38C06161CF5126800BE145B /* MainViewController.swift */ = {isa = PBXFileReference; fileEncoding = 4; lastKnownFileType = sourcecode.swift; path = MainViewController.swift; sourceTree = "<group>"; };
		C38C06171CF5126800BE145B /* MainViewController.xib */ = {isa = PBXFileReference; fileEncoding = 4; lastKnownFileType = file.xib; path = MainViewController.xib; sourceTree = "<group>"; };
		C3FA188C1CF4F85400061475 /* whbh.app */ = {isa = PBXFileReference; explicitFileType = wrapper.application; includeInIndex = 0; path = whbh.app; sourceTree = BUILT_PRODUCTS_DIR; };
		C3FA188F1CF4F85400061475 /* AppDelegate.swift */ = {isa = PBXFileReference; lastKnownFileType = sourcecode.swift; path = AppDelegate.swift; sourceTree = "<group>"; };
		C3FA18911CF4F85400061475 /* Assets.xcassets */ = {isa = PBXFileReference; lastKnownFileType = folder.assetcatalog; path = Assets.xcassets; sourceTree = "<group>"; };
		C3FA18941CF4F85400061475 /* Base */ = {isa = PBXFileReference; lastKnownFileType = file.xib; name = Base; path = Base.lproj/MainMenu.xib; sourceTree = "<group>"; };
		C3FA18961CF4F85400061475 /* Info.plist */ = {isa = PBXFileReference; lastKnownFileType = text.plist.xml; path = Info.plist; sourceTree = "<group>"; };
		C3FA189B1CF4F85400061475 /* whbhTests.xctest */ = {isa = PBXFileReference; explicitFileType = wrapper.cfbundle; includeInIndex = 0; path = whbhTests.xctest; sourceTree = BUILT_PRODUCTS_DIR; };
		C3FA189F1CF4F85400061475 /* whbhTests.swift */ = {isa = PBXFileReference; lastKnownFileType = sourcecode.swift; path = whbhTests.swift; sourceTree = "<group>"; };
		C3FA18A11CF4F85400061475 /* Info.plist */ = {isa = PBXFileReference; lastKnownFileType = text.plist.xml; path = Info.plist; sourceTree = "<group>"; };
		C3FA18A61CF4F85400061475 /* whbhUITests.xctest */ = {isa = PBXFileReference; explicitFileType = wrapper.cfbundle; includeInIndex = 0; path = whbhUITests.xctest; sourceTree = BUILT_PRODUCTS_DIR; };
		C3FA18AA1CF4F85400061475 /* whbhUITests.swift */ = {isa = PBXFileReference; lastKnownFileType = sourcecode.swift; path = whbhUITests.swift; sourceTree = "<group>"; };
		C3FA18AC1CF4F85400061475 /* Info.plist */ = {isa = PBXFileReference; lastKnownFileType = text.plist.xml; path = Info.plist; sourceTree = "<group>"; };
/* End PBXFileReference section */

/* Begin PBXFrameworksBuildPhase section */
		C3FA18891CF4F85400061475 /* Frameworks */ = {
			isa = PBXFrameworksBuildPhase;
			buildActionMask = 2147483647;
			files = (
			);
			runOnlyForDeploymentPostprocessing = 0;
		};
		C3FA18981CF4F85400061475 /* Frameworks */ = {
			isa = PBXFrameworksBuildPhase;
			buildActionMask = 2147483647;
			files = (
			);
			runOnlyForDeploymentPostprocessing = 0;
		};
		C3FA18A31CF4F85400061475 /* Frameworks */ = {
			isa = PBXFrameworksBuildPhase;
			buildActionMask = 2147483647;
			files = (
			);
			runOnlyForDeploymentPostprocessing = 0;
		};
/* End PBXFrameworksBuildPhase section */

/* Begin PBXGroup section */
		C3FA18831CF4F85400061475 = {
			isa = PBXGroup;
			children = (
				C3FA188E1CF4F85400061475 /* whbh */,
				C3FA189E1CF4F85400061475 /* whbhTests */,
				C3FA18A91CF4F85400061475 /* whbhUITests */,
				C3FA188D1CF4F85400061475 /* Products */,
			);
			sourceTree = "<group>";
		};
		C3FA188D1CF4F85400061475 /* Products */ = {
			isa = PBXGroup;
			children = (
				C3FA188C1CF4F85400061475 /* whbh.app */,
				C3FA189B1CF4F85400061475 /* whbhTests.xctest */,
				C3FA18A61CF4F85400061475 /* whbhUITests.xctest */,
			);
			name = Products;
			sourceTree = "<group>";
		};
		C3FA188E1CF4F85400061475 /* whbh */ = {
			isa = PBXGroup;
			children = (
				C3FA188F1CF4F85400061475 /* AppDelegate.swift */,
				C3FA18911CF4F85400061475 /* Assets.xcassets */,
				C3FA18931CF4F85400061475 /* MainMenu.xib */,
				C38C06161CF5126800BE145B /* MainViewController.swift */,
				C38C06171CF5126800BE145B /* MainViewController.xib */,
				C3FA18961CF4F85400061475 /* Info.plist */,
			);
			path = whbh;
			sourceTree = "<group>";
		};
		C3FA189E1CF4F85400061475 /* whbhTests */ = {
			isa = PBXGroup;
			children = (
				C3FA189F1CF4F85400061475 /* whbhTests.swift */,
				C3FA18A11CF4F85400061475 /* Info.plist */,
			);
			path = whbhTests;
			sourceTree = "<group>";
		};
		C3FA18A91CF4F85400061475 /* whbhUITests */ = {
			isa = PBXGroup;
			children = (
				C3FA18AA1CF4F85400061475 /* whbhUITests.swift */,
				C3FA18AC1CF4F85400061475 /* Info.plist */,
			);
			path = whbhUITests;
			sourceTree = "<group>";
		};
/* End PBXGroup section */

/* Begin PBXNativeTarget section */
		C3FA188B1CF4F85400061475 /* whbh */ = {
			isa = PBXNativeTarget;
			buildConfigurationList = C3FA18AF1CF4F85400061475 /* Build configuration list for PBXNativeTarget "whbh" */;
			buildPhases = (
				C3FA18881CF4F85400061475 /* Sources */,
				C3FA18891CF4F85400061475 /* Frameworks */,
				C3FA188A1CF4F85400061475 /* Resources */,
			);
			buildRules = (
			);
			dependencies = (
			);
			name = whbh;
			productName = whbh;
			productReference = C3FA188C1CF4F85400061475 /* whbh.app */;
			productType = "com.apple.product-type.application";
		};
		C3FA189A1CF4F85400061475 /* whbhTests */ = {
			isa = PBXNativeTarget;
			buildConfigurationList = C3FA18B21CF4F85400061475 /* Build configuration list for PBXNativeTarget "whbhTests" */;
			buildPhases = (
				C3FA18971CF4F85400061475 /* Sources */,
				C3FA18981CF4F85400061475 /* Frameworks */,
				C3FA18991CF4F85400061475 /* Resources */,
			);
			buildRules = (
			);
			dependencies = (
				C3FA189D1CF4F85400061475 /* PBXTargetDependency */,
			);
			name = whbhTests;
			productName = whbhTests;
			productReference = C3FA189B1CF4F85400061475 /* whbhTests.xctest */;
			productType = "com.apple.product-type.bundle.unit-test";
		};
		C3FA18A51CF4F85400061475 /* whbhUITests */ = {
			isa = PBXNativeTarget;
			buildConfigurationList = C3FA18B51CF4F85400061475 /* Build configuration list for PBXNativeTarget "whbhUITests" */;
			buildPhases = (
				C3FA18A21CF4F85400061475 /* Sources */,
				C3FA18A31CF4F85400061475 /* Frameworks */,
				C3FA18A41CF4F85400061475 /* Resources */,
			);
			buildRules = (
			);
			dependencies = (
				C3FA18A81CF4F85400061475 /* PBXTargetDependency */,
			);
			name = whbhUITests;
			productName = whbhUITests;
			productReference = C3FA18A61CF4F85400061475 /* whbhUITests.xctest */;
			productType = "com.apple.product-type.bundle.ui-testing";
		};
/* End PBXNativeTarget section */

/* Begin PBXProject section */
		C3FA18841CF4F85400061475 /* Project object */ = {
			isa = PBXProject;
			attributes = {
				LastSwiftUpdateCheck = 0730;
				LastUpgradeCheck = 0730;
				ORGANIZATIONNAME = "ZZROT Design";
				TargetAttributes = {
					C3FA188B1CF4F85400061475 = {
						CreatedOnToolsVersion = 7.3.1;
					};
					C3FA189A1CF4F85400061475 = {
						CreatedOnToolsVersion = 7.3.1;
						TestTargetID = C3FA188B1CF4F85400061475;
					};
					C3FA18A51CF4F85400061475 = {
						CreatedOnToolsVersion = 7.3.1;
						TestTargetID = C3FA188B1CF4F85400061475;
					};
				};
			};
			buildConfigurationList = C3FA18871CF4F85400061475 /* Build configuration list for PBXProject "whbh" */;
			compatibilityVersion = "Xcode 3.2";
			developmentRegion = English;
			hasScannedForEncodings = 0;
			knownRegions = (
				en,
				Base,
			);
			mainGroup = C3FA18831CF4F85400061475;
			productRefGroup = C3FA188D1CF4F85400061475 /* Products */;
			projectDirPath = "";
			projectRoot = "";
			targets = (
				C3FA188B1CF4F85400061475 /* whbh */,
				C3FA189A1CF4F85400061475 /* whbhTests */,
				C3FA18A51CF4F85400061475 /* whbhUITests */,
			);
		};
/* End PBXProject section */

/* Begin PBXResourcesBuildPhase section */
		C3FA188A1CF4F85400061475 /* Resources */ = {
			isa = PBXResourcesBuildPhase;
			buildActionMask = 2147483647;
			files = (
				C3FA18921CF4F85400061475 /* Assets.xcassets in Resources */,
				C38C061B1CF5126800BE145B /* MainViewController.xib in Resources */,
				C3FA18951CF4F85400061475 /* MainMenu.xib in Resources */,
			);
			runOnlyForDeploymentPostprocessing = 0;
		};
		C3FA18991CF4F85400061475 /* Resources */ = {
			isa = PBXResourcesBuildPhase;
			buildActionMask = 2147483647;
			files = (
				C38C061C1CF5126800BE145B /* MainViewController.xib in Resources */,
			);
			runOnlyForDeploymentPostprocessing = 0;
		};
		C3FA18A41CF4F85400061475 /* Resources */ = {
			isa = PBXResourcesBuildPhase;
			buildActionMask = 2147483647;
			files = (
				C38C061D1CF5126800BE145B /* MainViewController.xib in Resources */,
			);
			runOnlyForDeploymentPostprocessing = 0;
		};
/* End PBXResourcesBuildPhase section */

/* Begin PBXSourcesBuildPhase section */
		C3FA18881CF4F85400061475 /* Sources */ = {
			isa = PBXSourcesBuildPhase;
			buildActionMask = 2147483647;
			files = (
				C3FA18901CF4F85400061475 /* AppDelegate.swift in Sources */,
				C38C06181CF5126800BE145B /* MainViewController.swift in Sources */,
			);
			runOnlyForDeploymentPostprocessing = 0;
		};
		C3FA18971CF4F85400061475 /* Sources */ = {
			isa = PBXSourcesBuildPhase;
			buildActionMask = 2147483647;
			files = (
				C3FA18A01CF4F85400061475 /* whbhTests.swift in Sources */,
				C38C06191CF5126800BE145B /* MainViewController.swift in Sources */,
			);
			runOnlyForDeploymentPostprocessing = 0;
		};
		C3FA18A21CF4F85400061475 /* Sources */ = {
			isa = PBXSourcesBuildPhase;
			buildActionMask = 2147483647;
			files = (
				C3FA18AB1CF4F85400061475 /* whbhUITests.swift in Sources */,
				C38C061A1CF5126800BE145B /* MainViewController.swift in Sources */,
			);
			runOnlyForDeploymentPostprocessing = 0;
		};
/* End PBXSourcesBuildPhase section */

/* Begin PBXTargetDependency section */
		C3FA189D1CF4F85400061475 /* PBXTargetDependency */ = {
			isa = PBXTargetDependency;
			target = C3FA188B1CF4F85400061475 /* whbh */;
			targetProxy = C3FA189C1CF4F85400061475 /* PBXContainerItemProxy */;
		};
		C3FA18A81CF4F85400061475 /* PBXTargetDependency */ = {
			isa = PBXTargetDependency;
			target = C3FA188B1CF4F85400061475 /* whbh */;
			targetProxy = C3FA18A71CF4F85400061475 /* PBXContainerItemProxy */;
		};
/* End PBXTargetDependency section */

/* Begin PBXVariantGroup section */
		C3FA18931CF4F85400061475 /* MainMenu.xib */ = {
			isa = PBXVariantGroup;
			children = (
				C3FA18941CF4F85400061475 /* Base */,
			);
			name = MainMenu.xib;
			sourceTree = "<group>";
		};
/* End PBXVariantGroup section */

/* Begin XCBuildConfiguration section */
		C3FA18AD1CF4F85400061475 /* Debug */ = {
			isa = XCBuildConfiguration;
			buildSettings = {
				ALWAYS_SEARCH_USER_PATHS = NO;
				CLANG_ANALYZER_NONNULL = YES;
				CLANG_CXX_LANGUAGE_STANDARD = "gnu++0x";
				CLANG_CXX_LIBRARY = "libc++";
				CLANG_ENABLE_MODULES = YES;
				CLANG_ENABLE_OBJC_ARC = YES;
				CLANG_WARN_BOOL_CONVERSION = YES;
				CLANG_WARN_CONSTANT_CONVERSION = YES;
				CLANG_WARN_DIRECT_OBJC_ISA_USAGE = YES_ERROR;
				CLANG_WARN_EMPTY_BODY = YES;
				CLANG_WARN_ENUM_CONVERSION = YES;
				CLANG_WARN_INT_CONVERSION = YES;
				CLANG_WARN_OBJC_ROOT_CLASS = YES_ERROR;
				CLANG_WARN_UNREACHABLE_CODE = YES;
				CLANG_WARN__DUPLICATE_METHOD_MATCH = YES;
				CODE_SIGN_IDENTITY = "-";
				COPY_PHASE_STRIP = NO;
				DEBUG_INFORMATION_FORMAT = dwarf;
				ENABLE_STRICT_OBJC_MSGSEND = YES;
				ENABLE_TESTABILITY = YES;
				GCC_C_LANGUAGE_STANDARD = gnu99;
				GCC_DYNAMIC_NO_PIC = NO;
				GCC_NO_COMMON_BLOCKS = YES;
				GCC_OPTIMIZATION_LEVEL = 0;
				GCC_PREPROCESSOR_DEFINITIONS = (
					"DEBUG=1",
					"$(inherited)",
				);
				GCC_WARN_64_TO_32_BIT_CONVERSION = YES;
				GCC_WARN_ABOUT_RETURN_TYPE = YES_ERROR;
				GCC_WARN_UNDECLARED_SELECTOR = YES;
				GCC_WARN_UNINITIALIZED_AUTOS = YES_AGGRESSIVE;
				GCC_WARN_UNUSED_FUNCTION = YES;
				GCC_WARN_UNUSED_VARIABLE = YES;
				MACOSX_DEPLOYMENT_TARGET = 10.11;
				MTL_ENABLE_DEBUG_INFO = YES;
				ONLY_ACTIVE_ARCH = YES;
				SDKROOT = macosx;
				SWIFT_OPTIMIZATION_LEVEL = "-Onone";
			};
			name = Debug;
		};
		C3FA18AE1CF4F85400061475 /* Release */ = {
			isa = XCBuildConfiguration;
			buildSettings = {
				ALWAYS_SEARCH_USER_PATHS = NO;
				CLANG_ANALYZER_NONNULL = YES;
				CLANG_CXX_LANGUAGE_STANDARD = "gnu++0x";
				CLANG_CXX_LIBRARY = "libc++";
				CLANG_ENABLE_MODULES = YES;
				CLANG_ENABLE_OBJC_ARC = YES;
				CLANG_WARN_BOOL_CONVERSION = YES;
				CLANG_WARN_CONSTANT_CONVERSION = YES;
				CLANG_WARN_DIRECT_OBJC_ISA_USAGE = YES_ERROR;
				CLANG_WARN_EMPTY_BODY = YES;
				CLANG_WARN_ENUM_CONVERSION = YES;
				CLANG_WARN_INT_CONVERSION = YES;
				CLANG_WARN_OBJC_ROOT_CLASS = YES_ERROR;
				CLANG_WARN_UNREACHABLE_CODE = YES;
				CLANG_WARN__DUPLICATE_METHOD_MATCH = YES;
				CODE_SIGN_IDENTITY = "-";
				COPY_PHASE_STRIP = NO;
				DEBUG_INFORMATION_FORMAT = "dwarf-with-dsym";
				ENABLE_NS_ASSERTIONS = NO;
				ENABLE_STRICT_OBJC_MSGSEND = YES;
				GCC_C_LANGUAGE_STANDARD = gnu99;
				GCC_NO_COMMON_BLOCKS = YES;
				GCC_WARN_64_TO_32_BIT_CONVERSION = YES;
				GCC_WARN_ABOUT_RETURN_TYPE = YES_ERROR;
				GCC_WARN_UNDECLARED_SELECTOR = YES;
				GCC_WARN_UNINITIALIZED_AUTOS = YES_AGGRESSIVE;
				GCC_WARN_UNUSED_FUNCTION = YES;
				GCC_WARN_UNUSED_VARIABLE = YES;
				MACOSX_DEPLOYMENT_TARGET = 10.11;
				MTL_ENABLE_DEBUG_INFO = NO;
				SDKROOT = macosx;
			};
			name = Release;
		};
		C3FA18B01CF4F85400061475 /* Debug */ = {
			isa = XCBuildConfiguration;
			buildSettings = {
				ASSETCATALOG_COMPILER_APPICON_NAME = AppIcon;
				COMBINE_HIDPI_IMAGES = YES;
				INFOPLIST_FILE = whbh/Info.plist;
				LD_RUNPATH_SEARCH_PATHS = "$(inherited) @executable_path/../Frameworks";
				PRODUCT_BUNDLE_IDENTIFIER = com.zzrot.whbh;
				PRODUCT_NAME = "$(TARGET_NAME)";
			};
			name = Debug;
		};
		C3FA18B11CF4F85400061475 /* Release */ = {
			isa = XCBuildConfiguration;
			buildSettings = {
				ASSETCATALOG_COMPILER_APPICON_NAME = AppIcon;
				COMBINE_HIDPI_IMAGES = YES;
				INFOPLIST_FILE = whbh/Info.plist;
				LD_RUNPATH_SEARCH_PATHS = "$(inherited) @executable_path/../Frameworks";
				PRODUCT_BUNDLE_IDENTIFIER = com.zzrot.whbh;
				PRODUCT_NAME = "$(TARGET_NAME)";
			};
			name = Release;
		};
		C3FA18B31CF4F85400061475 /* Debug */ = {
			isa = XCBuildConfiguration;
			buildSettings = {
				BUNDLE_LOADER = "$(TEST_HOST)";
				COMBINE_HIDPI_IMAGES = YES;
				INFOPLIST_FILE = whbhTests/Info.plist;
				LD_RUNPATH_SEARCH_PATHS = "$(inherited) @executable_path/../Frameworks @loader_path/../Frameworks";
				PRODUCT_BUNDLE_IDENTIFIER = com.zzrot.whbhTests;
				PRODUCT_NAME = "$(TARGET_NAME)";
				TEST_HOST = "$(BUILT_PRODUCTS_DIR)/whbh.app/Contents/MacOS/whbh";
			};
			name = Debug;
		};
		C3FA18B41CF4F85400061475 /* Release */ = {
			isa = XCBuildConfiguration;
			buildSettings = {
				BUNDLE_LOADER = "$(TEST_HOST)";
				COMBINE_HIDPI_IMAGES = YES;
				INFOPLIST_FILE = whbhTests/Info.plist;
				LD_RUNPATH_SEARCH_PATHS = "$(inherited) @executable_path/../Frameworks @loader_path/../Frameworks";
				PRODUCT_BUNDLE_IDENTIFIER = com.zzrot.whbhTests;
				PRODUCT_NAME = "$(TARGET_NAME)";
				TEST_HOST = "$(BUILT_PRODUCTS_DIR)/whbh.app/Contents/MacOS/whbh";
			};
			name = Release;
		};
		C3FA18B61CF4F85400061475 /* Debug */ = {
			isa = XCBuildConfiguration;
			buildSettings = {
				COMBINE_HIDPI_IMAGES = YES;
				INFOPLIST_FILE = whbhUITests/Info.plist;
				LD_RUNPATH_SEARCH_PATHS = "$(inherited) @executable_path/../Frameworks @loader_path/../Frameworks";
				PRODUCT_BUNDLE_IDENTIFIER = com.zzrot.whbhUITests;
				PRODUCT_NAME = "$(TARGET_NAME)";
				TEST_TARGET_NAME = whbh;
			};
			name = Debug;
		};
		C3FA18B71CF4F85400061475 /* Release */ = {
			isa = XCBuildConfiguration;
			buildSettings = {
				COMBINE_HIDPI_IMAGES = YES;
				INFOPLIST_FILE = whbhUITests/Info.plist;
				LD_RUNPATH_SEARCH_PATHS = "$(inherited) @executable_path/../Frameworks @loader_path/../Frameworks";
				PRODUCT_BUNDLE_IDENTIFIER = com.zzrot.whbhUITests;
				PRODUCT_NAME = "$(TARGET_NAME)";
				TEST_TARGET_NAME = whbh;
			};
			name = Release;
		};
/* End XCBuildConfiguration section */

/* Begin XCConfigurationList section */
		C3FA18871CF4F85400061475 /* Build configuration list for PBXProject "whbh" */ = {
			isa = XCConfigurationList;
			buildConfigurations = (
				C3FA18AD1CF4F85400061475 /* Debug */,
				C3FA18AE1CF4F85400061475 /* Release */,
			);
			defaultConfigurationIsVisible = 0;
			defaultConfigurationName = Release;
		};
		C3FA18AF1CF4F85400061475 /* Build configuration list for PBXNativeTarget "whbh" */ = {
			isa = XCConfigurationList;
			buildConfigurations = (
				C3FA18B01CF4F85400061475 /* Debug */,
				C3FA18B11CF4F85400061475 /* Release */,
			);
			defaultConfigurationIsVisible = 0;
			defaultConfigurationName = Release;
		};
		C3FA18B21CF4F85400061475 /* Build configuration list for PBXNativeTarget "whbhTests" */ = {
			isa = XCConfigurationList;
			buildConfigurations = (
				C3FA18B31CF4F85400061475 /* Debug */,
				C3FA18B41CF4F85400061475 /* Release */,
			);
			defaultConfigurationIsVisible = 0;
			defaultConfigurationName = Release;
		};
		C3FA18B51CF4F85400061475 /* Build configuration list for PBXNativeTarget "whbhUITests" */ = {
			isa = XCConfigurationList;
			buildConfigurations = (
				C3FA18B61CF4F85400061475 /* Debug */,
				C3FA18B71CF4F85400061475 /* Release */,
			);
			defaultConfigurationIsVisible = 0;
			defaultConfigurationName = Release;
		};
/* End XCConfigurationList section */
	};
	rootObject = C3FA18841CF4F85400061475 /* Project object */;
}
