// !$*UTF8*$!
{
	archiveVersion = 1;
	classes = {
	};
	objectVersion = 46;
	objects = {

/* Begin PBXBuildFile section */
		144F59481CF4F9DD00B9CB61 /* AppDelegate.swift in Sources */ = {isa = PBXBuildFile; fileRef = 144F59471CF4F9DD00B9CB61 /* AppDelegate.swift */; };
		144F594A1CF4F9DD00B9CB61 /* Assets.xcassets in Resources */ = {isa = PBXBuildFile; fileRef = 144F59491CF4F9DD00B9CB61 /* Assets.xcassets */; };
		144F594D1CF4F9DD00B9CB61 /* MainMenu.xib in Resources */ = {isa = PBXBuildFile; fileRef = 144F594B1CF4F9DD00B9CB61 /* MainMenu.xib */; };
		144F59581CF4F9DD00B9CB61 /* whbhTests.swift in Sources */ = {isa = PBXBuildFile; fileRef = 144F59571CF4F9DD00B9CB61 /* whbhTests.swift */; };
		144F59631CF4F9DD00B9CB61 /* whbhUITests.swift in Sources */ = {isa = PBXBuildFile; fileRef = 144F59621CF4F9DD00B9CB61 /* whbhUITests.swift */; };
/* End PBXBuildFile section */

/* Begin PBXContainerItemProxy section */
		144F59541CF4F9DD00B9CB61 /* PBXContainerItemProxy */ = {
			isa = PBXContainerItemProxy;
			containerPortal = 144F593C1CF4F9DD00B9CB61 /* Project object */;
			proxyType = 1;
			remoteGlobalIDString = 144F59431CF4F9DD00B9CB61;
			remoteInfo = whbh;
		};
		144F595F1CF4F9DD00B9CB61 /* PBXContainerItemProxy */ = {
			isa = PBXContainerItemProxy;
			containerPortal = 144F593C1CF4F9DD00B9CB61 /* Project object */;
			proxyType = 1;
			remoteGlobalIDString = 144F59431CF4F9DD00B9CB61;
			remoteInfo = whbh;
		};
/* End PBXContainerItemProxy section */

/* Begin PBXFileReference section */
		144F59441CF4F9DD00B9CB61 /* whbh.app */ = {isa = PBXFileReference; explicitFileType = wrapper.application; includeInIndex = 0; path = whbh.app; sourceTree = BUILT_PRODUCTS_DIR; };
		144F59471CF4F9DD00B9CB61 /* AppDelegate.swift */ = {isa = PBXFileReference; lastKnownFileType = sourcecode.swift; path = AppDelegate.swift; sourceTree = "<group>"; };
		144F59491CF4F9DD00B9CB61 /* Assets.xcassets */ = {isa = PBXFileReference; lastKnownFileType = folder.assetcatalog; path = Assets.xcassets; sourceTree = "<group>"; };
		144F594C1CF4F9DD00B9CB61 /* Base */ = {isa = PBXFileReference; lastKnownFileType = file.xib; name = Base; path = Base.lproj/MainMenu.xib; sourceTree = "<group>"; };
		144F594E1CF4F9DD00B9CB61 /* Info.plist */ = {isa = PBXFileReference; lastKnownFileType = text.plist.xml; path = Info.plist; sourceTree = "<group>"; };
		144F59531CF4F9DD00B9CB61 /* whbhTests.xctest */ = {isa = PBXFileReference; explicitFileType = wrapper.cfbundle; includeInIndex = 0; path = whbhTests.xctest; sourceTree = BUILT_PRODUCTS_DIR; };
		144F59571CF4F9DD00B9CB61 /* whbhTests.swift */ = {isa = PBXFileReference; lastKnownFileType = sourcecode.swift; path = whbhTests.swift; sourceTree = "<group>"; };
		144F59591CF4F9DD00B9CB61 /* Info.plist */ = {isa = PBXFileReference; lastKnownFileType = text.plist.xml; path = Info.plist; sourceTree = "<group>"; };
		144F595E1CF4F9DD00B9CB61 /* whbhUITests.xctest */ = {isa = PBXFileReference; explicitFileType = wrapper.cfbundle; includeInIndex = 0; path = whbhUITests.xctest; sourceTree = BUILT_PRODUCTS_DIR; };
		144F59621CF4F9DD00B9CB61 /* whbhUITests.swift */ = {isa = PBXFileReference; lastKnownFileType = sourcecode.swift; path = whbhUITests.swift; sourceTree = "<group>"; };
		144F59641CF4F9DD00B9CB61 /* Info.plist */ = {isa = PBXFileReference; lastKnownFileType = text.plist.xml; path = Info.plist; sourceTree = "<group>"; };
/* End PBXFileReference section */

/* Begin PBXFrameworksBuildPhase section */
		144F59411CF4F9DD00B9CB61 /* Frameworks */ = {
			isa = PBXFrameworksBuildPhase;
			buildActionMask = 2147483647;
			files = (
			);
			runOnlyForDeploymentPostprocessing = 0;
		};
		144F59501CF4F9DD00B9CB61 /* Frameworks */ = {
			isa = PBXFrameworksBuildPhase;
			buildActionMask = 2147483647;
			files = (
			);
			runOnlyForDeploymentPostprocessing = 0;
		};
		144F595B1CF4F9DD00B9CB61 /* Frameworks */ = {
			isa = PBXFrameworksBuildPhase;
			buildActionMask = 2147483647;
			files = (
			);
			runOnlyForDeploymentPostprocessing = 0;
		};
/* End PBXFrameworksBuildPhase section */

/* Begin PBXGroup section */
		144F593B1CF4F9DD00B9CB61 = {
			isa = PBXGroup;
			children = (
				144F59461CF4F9DD00B9CB61 /* whbh */,
				144F59561CF4F9DD00B9CB61 /* whbhTests */,
				144F59611CF4F9DD00B9CB61 /* whbhUITests */,
				144F59451CF4F9DD00B9CB61 /* Products */,
			);
			sourceTree = "<group>";
		};
		144F59451CF4F9DD00B9CB61 /* Products */ = {
			isa = PBXGroup;
			children = (
				144F59441CF4F9DD00B9CB61 /* whbh.app */,
				144F59531CF4F9DD00B9CB61 /* whbhTests.xctest */,
				144F595E1CF4F9DD00B9CB61 /* whbhUITests.xctest */,
			);
			name = Products;
			sourceTree = "<group>";
		};
		144F59461CF4F9DD00B9CB61 /* whbh */ = {
			isa = PBXGroup;
			children = (
				144F59471CF4F9DD00B9CB61 /* AppDelegate.swift */,
				144F59491CF4F9DD00B9CB61 /* Assets.xcassets */,
				144F594B1CF4F9DD00B9CB61 /* MainMenu.xib */,
				144F594E1CF4F9DD00B9CB61 /* Info.plist */,
			);
			path = whbh;
			sourceTree = "<group>";
		};
		144F59561CF4F9DD00B9CB61 /* whbhTests */ = {
			isa = PBXGroup;
			children = (
				144F59571CF4F9DD00B9CB61 /* whbhTests.swift */,
				144F59591CF4F9DD00B9CB61 /* Info.plist */,
			);
			path = whbhTests;
			sourceTree = "<group>";
		};
		144F59611CF4F9DD00B9CB61 /* whbhUITests */ = {
			isa = PBXGroup;
			children = (
				144F59621CF4F9DD00B9CB61 /* whbhUITests.swift */,
				144F59641CF4F9DD00B9CB61 /* Info.plist */,
			);
			path = whbhUITests;
			sourceTree = "<group>";
		};
/* End PBXGroup section */

/* Begin PBXNativeTarget section */
		144F59431CF4F9DD00B9CB61 /* whbh */ = {
			isa = PBXNativeTarget;
			buildConfigurationList = 144F59671CF4F9DD00B9CB61 /* Build configuration list for PBXNativeTarget "whbh" */;
			buildPhases = (
				144F59401CF4F9DD00B9CB61 /* Sources */,
				144F59411CF4F9DD00B9CB61 /* Frameworks */,
				144F59421CF4F9DD00B9CB61 /* Resources */,
			);
			buildRules = (
			);
			dependencies = (
			);
			name = whbh;
			productName = whbh;
			productReference = 144F59441CF4F9DD00B9CB61 /* whbh.app */;
			productType = "com.apple.product-type.application";
		};
		144F59521CF4F9DD00B9CB61 /* whbhTests */ = {
			isa = PBXNativeTarget;
			buildConfigurationList = 144F596A1CF4F9DD00B9CB61 /* Build configuration list for PBXNativeTarget "whbhTests" */;
			buildPhases = (
				144F594F1CF4F9DD00B9CB61 /* Sources */,
				144F59501CF4F9DD00B9CB61 /* Frameworks */,
				144F59511CF4F9DD00B9CB61 /* Resources */,
			);
			buildRules = (
			);
			dependencies = (
				144F59551CF4F9DD00B9CB61 /* PBXTargetDependency */,
			);
			name = whbhTests;
			productName = whbhTests;
			productReference = 144F59531CF4F9DD00B9CB61 /* whbhTests.xctest */;
			productType = "com.apple.product-type.bundle.unit-test";
		};
		144F595D1CF4F9DD00B9CB61 /* whbhUITests */ = {
			isa = PBXNativeTarget;
			buildConfigurationList = 144F596D1CF4F9DD00B9CB61 /* Build configuration list for PBXNativeTarget "whbhUITests" */;
			buildPhases = (
				144F595A1CF4F9DD00B9CB61 /* Sources */,
				144F595B1CF4F9DD00B9CB61 /* Frameworks */,
				144F595C1CF4F9DD00B9CB61 /* Resources */,
			);
			buildRules = (
			);
			dependencies = (
				144F59601CF4F9DD00B9CB61 /* PBXTargetDependency */,
			);
			name = whbhUITests;
			productName = whbhUITests;
			productReference = 144F595E1CF4F9DD00B9CB61 /* whbhUITests.xctest */;
			productType = "com.apple.product-type.bundle.ui-testing";
		};
/* End PBXNativeTarget section */

/* Begin PBXProject section */
		144F593C1CF4F9DD00B9CB61 /* Project object */ = {
			isa = PBXProject;
			attributes = {
				LastSwiftUpdateCheck = 0730;
				LastUpgradeCheck = 0730;
				ORGANIZATIONNAME = ZZROT;
				TargetAttributes = {
					144F59431CF4F9DD00B9CB61 = {
						CreatedOnToolsVersion = 7.3.1;
					};
					144F59521CF4F9DD00B9CB61 = {
						CreatedOnToolsVersion = 7.3.1;
						TestTargetID = 144F59431CF4F9DD00B9CB61;
					};
					144F595D1CF4F9DD00B9CB61 = {
						CreatedOnToolsVersion = 7.3.1;
						TestTargetID = 144F59431CF4F9DD00B9CB61;
					};
				};
			};
			buildConfigurationList = 144F593F1CF4F9DD00B9CB61 /* Build configuration list for PBXProject "whbh" */;
			compatibilityVersion = "Xcode 3.2";
			developmentRegion = English;
			hasScannedForEncodings = 0;
			knownRegions = (
				en,
				Base,
			);
			mainGroup = 144F593B1CF4F9DD00B9CB61;
			productRefGroup = 144F59451CF4F9DD00B9CB61 /* Products */;
			projectDirPath = "";
			projectRoot = "";
			targets = (
				144F59431CF4F9DD00B9CB61 /* whbh */,
				144F59521CF4F9DD00B9CB61 /* whbhTests */,
				144F595D1CF4F9DD00B9CB61 /* whbhUITests */,
			);
		};
/* End PBXProject section */

/* Begin PBXResourcesBuildPhase section */
		144F59421CF4F9DD00B9CB61 /* Resources */ = {
			isa = PBXResourcesBuildPhase;
			buildActionMask = 2147483647;
			files = (
				144F594A1CF4F9DD00B9CB61 /* Assets.xcassets in Resources */,
				144F594D1CF4F9DD00B9CB61 /* MainMenu.xib in Resources */,
			);
			runOnlyForDeploymentPostprocessing = 0;
		};
		144F59511CF4F9DD00B9CB61 /* Resources */ = {
			isa = PBXResourcesBuildPhase;
			buildActionMask = 2147483647;
			files = (
			);
			runOnlyForDeploymentPostprocessing = 0;
		};
		144F595C1CF4F9DD00B9CB61 /* Resources */ = {
			isa = PBXResourcesBuildPhase;
			buildActionMask = 2147483647;
			files = (
			);
			runOnlyForDeploymentPostprocessing = 0;
		};
/* End PBXResourcesBuildPhase section */

/* Begin PBXSourcesBuildPhase section */
		144F59401CF4F9DD00B9CB61 /* Sources */ = {
			isa = PBXSourcesBuildPhase;
			buildActionMask = 2147483647;
			files = (
				144F59481CF4F9DD00B9CB61 /* AppDelegate.swift in Sources */,
			);
			runOnlyForDeploymentPostprocessing = 0;
		};
		144F594F1CF4F9DD00B9CB61 /* Sources */ = {
			isa = PBXSourcesBuildPhase;
			buildActionMask = 2147483647;
			files = (
				144F59581CF4F9DD00B9CB61 /* whbhTests.swift in Sources */,
			);
			runOnlyForDeploymentPostprocessing = 0;
		};
		144F595A1CF4F9DD00B9CB61 /* Sources */ = {
			isa = PBXSourcesBuildPhase;
			buildActionMask = 2147483647;
			files = (
				144F59631CF4F9DD00B9CB61 /* whbhUITests.swift in Sources */,
			);
			runOnlyForDeploymentPostprocessing = 0;
		};
/* End PBXSourcesBuildPhase section */

/* Begin PBXTargetDependency section */
		144F59551CF4F9DD00B9CB61 /* PBXTargetDependency */ = {
			isa = PBXTargetDependency;
			target = 144F59431CF4F9DD00B9CB61 /* whbh */;
			targetProxy = 144F59541CF4F9DD00B9CB61 /* PBXContainerItemProxy */;
		};
		144F59601CF4F9DD00B9CB61 /* PBXTargetDependency */ = {
			isa = PBXTargetDependency;
			target = 144F59431CF4F9DD00B9CB61 /* whbh */;
			targetProxy = 144F595F1CF4F9DD00B9CB61 /* PBXContainerItemProxy */;
		};
/* End PBXTargetDependency section */

/* Begin PBXVariantGroup section */
		144F594B1CF4F9DD00B9CB61 /* MainMenu.xib */ = {
			isa = PBXVariantGroup;
			children = (
				144F594C1CF4F9DD00B9CB61 /* Base */,
			);
			name = MainMenu.xib;
			sourceTree = "<group>";
		};
/* End PBXVariantGroup section */

/* Begin XCBuildConfiguration section */
		144F59651CF4F9DD00B9CB61 /* Debug */ = {
			isa = XCBuildConfiguration;
			buildSettings = {
				ALWAYS_SEARCH_USER_PATHS = NO;
				CLANG_ANALYZER_NONNULL = YES;
				CLANG_CXX_LANGUAGE_STANDARD = "gnu++0x";
				CLANG_CXX_LIBRARY = "libc++";
				CLANG_ENABLE_MODULES = YES;
				CLANG_ENABLE_OBJC_ARC = YES;
				CLANG_WARN_BOOL_CONVERSION = YES;
				CLANG_WARN_CONSTANT_CONVERSION = YES;
				CLANG_WARN_DIRECT_OBJC_ISA_USAGE = YES_ERROR;
				CLANG_WARN_EMPTY_BODY = YES;
				CLANG_WARN_ENUM_CONVERSION = YES;
				CLANG_WARN_INT_CONVERSION = YES;
				CLANG_WARN_OBJC_ROOT_CLASS = YES_ERROR;
				CLANG_WARN_UNREACHABLE_CODE = YES;
				CLANG_WARN__DUPLICATE_METHOD_MATCH = YES;
				CODE_SIGN_IDENTITY = "-";
				COPY_PHASE_STRIP = NO;
				DEBUG_INFORMATION_FORMAT = dwarf;
				ENABLE_STRICT_OBJC_MSGSEND = YES;
				ENABLE_TESTABILITY = YES;
				GCC_C_LANGUAGE_STANDARD = gnu99;
				GCC_DYNAMIC_NO_PIC = NO;
				GCC_NO_COMMON_BLOCKS = YES;
				GCC_OPTIMIZATION_LEVEL = 0;
				GCC_PREPROCESSOR_DEFINITIONS = (
					"DEBUG=1",
					"$(inherited)",
				);
				GCC_WARN_64_TO_32_BIT_CONVERSION = YES;
				GCC_WARN_ABOUT_RETURN_TYPE = YES_ERROR;
				GCC_WARN_UNDECLARED_SELECTOR = YES;
				GCC_WARN_UNINITIALIZED_AUTOS = YES_AGGRESSIVE;
				GCC_WARN_UNUSED_FUNCTION = YES;
				GCC_WARN_UNUSED_VARIABLE = YES;
				MACOSX_DEPLOYMENT_TARGET = 10.11;
				MTL_ENABLE_DEBUG_INFO = YES;
				ONLY_ACTIVE_ARCH = YES;
				SDKROOT = macosx;
				SWIFT_OPTIMIZATION_LEVEL = "-Onone";
			};
			name = Debug;
		};
		144F59661CF4F9DD00B9CB61 /* Release */ = {
			isa = XCBuildConfiguration;
			buildSettings = {
				ALWAYS_SEARCH_USER_PATHS = NO;
				CLANG_ANALYZER_NONNULL = YES;
				CLANG_CXX_LANGUAGE_STANDARD = "gnu++0x";
				CLANG_CXX_LIBRARY = "libc++";
				CLANG_ENABLE_MODULES = YES;
				CLANG_ENABLE_OBJC_ARC = YES;
				CLANG_WARN_BOOL_CONVERSION = YES;
				CLANG_WARN_CONSTANT_CONVERSION = YES;
				CLANG_WARN_DIRECT_OBJC_ISA_USAGE = YES_ERROR;
				CLANG_WARN_EMPTY_BODY = YES;
				CLANG_WARN_ENUM_CONVERSION = YES;
				CLANG_WARN_INT_CONVERSION = YES;
				CLANG_WARN_OBJC_ROOT_CLASS = YES_ERROR;
				CLANG_WARN_UNREACHABLE_CODE = YES;
				CLANG_WARN__DUPLICATE_METHOD_MATCH = YES;
				CODE_SIGN_IDENTITY = "-";
				COPY_PHASE_STRIP = NO;
				DEBUG_INFORMATION_FORMAT = "dwarf-with-dsym";
				ENABLE_NS_ASSERTIONS = NO;
				ENABLE_STRICT_OBJC_MSGSEND = YES;
				GCC_C_LANGUAGE_STANDARD = gnu99;
				GCC_NO_COMMON_BLOCKS = YES;
				GCC_WARN_64_TO_32_BIT_CONVERSION = YES;
				GCC_WARN_ABOUT_RETURN_TYPE = YES_ERROR;
				GCC_WARN_UNDECLARED_SELECTOR = YES;
				GCC_WARN_UNINITIALIZED_AUTOS = YES_AGGRESSIVE;
				GCC_WARN_UNUSED_FUNCTION = YES;
				GCC_WARN_UNUSED_VARIABLE = YES;
				MACOSX_DEPLOYMENT_TARGET = 10.11;
				MTL_ENABLE_DEBUG_INFO = NO;
				SDKROOT = macosx;
			};
			name = Release;
		};
		144F59681CF4F9DD00B9CB61 /* Debug */ = {
			isa = XCBuildConfiguration;
			buildSettings = {
				ASSETCATALOG_COMPILER_APPICON_NAME = AppIcon;
				COMBINE_HIDPI_IMAGES = YES;
				INFOPLIST_FILE = whbh/Info.plist;
				LD_RUNPATH_SEARCH_PATHS = "$(inherited) @executable_path/../Frameworks";
				PRODUCT_BUNDLE_IDENTIFIER = com.zzrot.whbh;
				PRODUCT_NAME = "$(TARGET_NAME)";
			};
			name = Debug;
		};
		144F59691CF4F9DD00B9CB61 /* Release */ = {
			isa = XCBuildConfiguration;
			buildSettings = {
				ASSETCATALOG_COMPILER_APPICON_NAME = AppIcon;
				COMBINE_HIDPI_IMAGES = YES;
				INFOPLIST_FILE = whbh/Info.plist;
				LD_RUNPATH_SEARCH_PATHS = "$(inherited) @executable_path/../Frameworks";
				PRODUCT_BUNDLE_IDENTIFIER = com.zzrot.whbh;
				PRODUCT_NAME = "$(TARGET_NAME)";
			};
			name = Release;
		};
		144F596B1CF4F9DD00B9CB61 /* Debug */ = {
			isa = XCBuildConfiguration;
			buildSettings = {
				BUNDLE_LOADER = "$(TEST_HOST)";
				COMBINE_HIDPI_IMAGES = YES;
				INFOPLIST_FILE = whbhTests/Info.plist;
				LD_RUNPATH_SEARCH_PATHS = "$(inherited) @executable_path/../Frameworks @loader_path/../Frameworks";
				PRODUCT_BUNDLE_IDENTIFIER = com.zzrot.whbhTests;
				PRODUCT_NAME = "$(TARGET_NAME)";
				TEST_HOST = "$(BUILT_PRODUCTS_DIR)/whbh.app/Contents/MacOS/whbh";
			};
			name = Debug;
		};
		144F596C1CF4F9DD00B9CB61 /* Release */ = {
			isa = XCBuildConfiguration;
			buildSettings = {
				BUNDLE_LOADER = "$(TEST_HOST)";
				COMBINE_HIDPI_IMAGES = YES;
				INFOPLIST_FILE = whbhTests/Info.plist;
				LD_RUNPATH_SEARCH_PATHS = "$(inherited) @executable_path/../Frameworks @loader_path/../Frameworks";
				PRODUCT_BUNDLE_IDENTIFIER = com.zzrot.whbhTests;
				PRODUCT_NAME = "$(TARGET_NAME)";
				TEST_HOST = "$(BUILT_PRODUCTS_DIR)/whbh.app/Contents/MacOS/whbh";
			};
			name = Release;
		};
		144F596E1CF4F9DD00B9CB61 /* Debug */ = {
			isa = XCBuildConfiguration;
			buildSettings = {
				COMBINE_HIDPI_IMAGES = YES;
				INFOPLIST_FILE = whbhUITests/Info.plist;
				LD_RUNPATH_SEARCH_PATHS = "$(inherited) @executable_path/../Frameworks @loader_path/../Frameworks";
				PRODUCT_BUNDLE_IDENTIFIER = com.zzrot.whbhUITests;
				PRODUCT_NAME = "$(TARGET_NAME)";
				TEST_TARGET_NAME = whbh;
			};
			name = Debug;
		};
		144F596F1CF4F9DD00B9CB61 /* Release */ = {
			isa = XCBuildConfiguration;
			buildSettings = {
				COMBINE_HIDPI_IMAGES = YES;
				INFOPLIST_FILE = whbhUITests/Info.plist;
				LD_RUNPATH_SEARCH_PATHS = "$(inherited) @executable_path/../Frameworks @loader_path/../Frameworks";
				PRODUCT_BUNDLE_IDENTIFIER = com.zzrot.whbhUITests;
				PRODUCT_NAME = "$(TARGET_NAME)";
				TEST_TARGET_NAME = whbh;
			};
			name = Release;
		};
/* End XCBuildConfiguration section */

/* Begin XCConfigurationList section */
		144F593F1CF4F9DD00B9CB61 /* Build configuration list for PBXProject "whbh" */ = {
			isa = XCConfigurationList;
			buildConfigurations = (
				144F59651CF4F9DD00B9CB61 /* Debug */,
				144F59661CF4F9DD00B9CB61 /* Release */,
			);
			defaultConfigurationIsVisible = 0;
			defaultConfigurationName = Release;
		};
		144F59671CF4F9DD00B9CB61 /* Build configuration list for PBXNativeTarget "whbh" */ = {
			isa = XCConfigurationList;
			buildConfigurations = (
				144F59681CF4F9DD00B9CB61 /* Debug */,
				144F59691CF4F9DD00B9CB61 /* Release */,
			);
			defaultConfigurationIsVisible = 0;
		};
		144F596A1CF4F9DD00B9CB61 /* Build configuration list for PBXNativeTarget "whbhTests" */ = {
			isa = XCConfigurationList;
			buildConfigurations = (
				144F596B1CF4F9DD00B9CB61 /* Debug */,
				144F596C1CF4F9DD00B9CB61 /* Release */,
			);
			defaultConfigurationIsVisible = 0;
		};
		144F596D1CF4F9DD00B9CB61 /* Build configuration list for PBXNativeTarget "whbhUITests" */ = {
			isa = XCConfigurationList;
			buildConfigurations = (
				144F596E1CF4F9DD00B9CB61 /* Debug */,
				144F596F1CF4F9DD00B9CB61 /* Release */,
			);
			defaultConfigurationIsVisible = 0;
		};
/* End XCConfigurationList section */
	};
	rootObject = 144F593C1CF4F9DD00B9CB61 /* Project object */;
}
